// !$*UTF8*$!
{
	archiveVersion = 1;
	classes = {
	};
	objectVersion = 55;
	objects = {

/* Begin PBXBuildFile section */
		970826A528D5E1E0000C530E /* MemoryDetailImageCollectionViewCell.swift in Sources */ = {isa = PBXBuildFile; fileRef = 970826A428D5E1E0000C530E /* MemoryDetailImageCollectionViewCell.swift */; };
		970826A728D5E876000C530E /* MemoryDetailPetCollectionViewCell.swift in Sources */ = {isa = PBXBuildFile; fileRef = 970826A628D5E876000C530E /* MemoryDetailPetCollectionViewCell.swift */; };
		9716A8F828D0E4D600AC62FA /* IQKeyboardManagerSwift in Frameworks */ = {isa = PBXBuildFile; productRef = 9716A8F728D0E4D600AC62FA /* IQKeyboardManagerSwift */; };
		9722A2C728DBA422008C3DB7 /* SettingTableViewCell.swift in Sources */ = {isa = PBXBuildFile; fileRef = 9722A2C628DBA422008C3DB7 /* SettingTableViewCell.swift */; };
		97332AA128D95D220015ECE8 /* SettingView.swift in Sources */ = {isa = PBXBuildFile; fileRef = 97332AA028D95D220015ECE8 /* SettingView.swift */; };
		97332AA328D95D2D0015ECE8 /* SettingViewController.swift in Sources */ = {isa = PBXBuildFile; fileRef = 97332AA228D95D2D0015ECE8 /* SettingViewController.swift */; };
		9736007728D8463300FD9285 /* MyPetTableViewCell.swift in Sources */ = {isa = PBXBuildFile; fileRef = 9736007628D8463300FD9285 /* MyPetTableViewCell.swift */; };
		974107A628D0459300617F8F /* CropViewController in Frameworks */ = {isa = PBXBuildFile; productRef = 974107A528D0459300617F8F /* CropViewController */; };
		9767A58B28D8DBF400304F6C /* AddPetTableViewCell.swift in Sources */ = {isa = PBXBuildFile; fileRef = 9767A58A28D8DBF400304F6C /* AddPetTableViewCell.swift */; };
		977CB68E28D4540D001342E9 /* WritingContentView.swift in Sources */ = {isa = PBXBuildFile; fileRef = 977CB68D28D4540D001342E9 /* WritingContentView.swift */; };
		977CB69028D45418001342E9 /* WritingContentViewController.swift in Sources */ = {isa = PBXBuildFile; fileRef = 977CB68F28D45418001342E9 /* WritingContentViewController.swift */; };
		977CB69328D47222001342E9 /* enum.swift in Sources */ = {isa = PBXBuildFile; fileRef = 977CB69228D47222001342E9 /* enum.swift */; };
		977CB69528D4D051001342E9 /* NSNotification+Extension.swift in Sources */ = {isa = PBXBuildFile; fileRef = 977CB69428D4D051001342E9 /* NSNotification+Extension.swift */; };
		9781F0A128D16016008E6DBB /* MemoryDetailView.swift in Sources */ = {isa = PBXBuildFile; fileRef = 9781F0A028D16016008E6DBB /* MemoryDetailView.swift */; };
		9781F0A328D16029008E6DBB /* MemoryDetailViewController.swift in Sources */ = {isa = PBXBuildFile; fileRef = 9781F0A228D16029008E6DBB /* MemoryDetailViewController.swift */; };
		9781F0A728D186EF008E6DBB /* FSCalendar in Frameworks */ = {isa = PBXBuildFile; productRef = 9781F0A628D186EF008E6DBB /* FSCalendar */; };
		9781F0AF28D1A0C5008E6DBB /* CalendarTableViewCell.swift in Sources */ = {isa = PBXBuildFile; fileRef = 9781F0AE28D1A0C5008E6DBB /* CalendarTableViewCell.swift */; };
		9781F0B128D1E35C008E6DBB /* UserPet.swift in Sources */ = {isa = PBXBuildFile; fileRef = 9781F0B028D1E35C008E6DBB /* UserPet.swift */; };
		9781F0B328D1E37E008E6DBB /* UserCalendar.swift in Sources */ = {isa = PBXBuildFile; fileRef = 9781F0B228D1E37E008E6DBB /* UserCalendar.swift */; };
		9786304828CC15570042C2E2 /* TodayListView.swift in Sources */ = {isa = PBXBuildFile; fileRef = 9786304728CC15570042C2E2 /* TodayListView.swift */; };
		9786304A28CC15630042C2E2 /* TodayListViewController.swift in Sources */ = {isa = PBXBuildFile; fileRef = 9786304928CC15630042C2E2 /* TodayListViewController.swift */; };
		9786304D28CC1B3C0042C2E2 /* TodayListTableViewCell.swift in Sources */ = {isa = PBXBuildFile; fileRef = 9786304C28CC1B3C0042C2E2 /* TodayListTableViewCell.swift */; };
		9786305428CC3B570042C2E2 /* WritingView.swift in Sources */ = {isa = PBXBuildFile; fileRef = 9786305328CC3B570042C2E2 /* WritingView.swift */; };
		9786305628CC3B5E0042C2E2 /* WritingViewController.swift in Sources */ = {isa = PBXBuildFile; fileRef = 9786305528CC3B5E0042C2E2 /* WritingViewController.swift */; };
		9786305928CC5A260042C2E2 /* CalendarView.swift in Sources */ = {isa = PBXBuildFile; fileRef = 9786305828CC5A260042C2E2 /* CalendarView.swift */; };
		9786305B28CC5A2F0042C2E2 /* CalendarViewController.swift in Sources */ = {isa = PBXBuildFile; fileRef = 9786305A28CC5A2F0042C2E2 /* CalendarViewController.swift */; };
		9786305D28CC5A900042C2E2 /* MyPetView.swift in Sources */ = {isa = PBXBuildFile; fileRef = 9786305C28CC5A8F0042C2E2 /* MyPetView.swift */; };
		9786305F28CC5A980042C2E2 /* MyPetViewController.swift in Sources */ = {isa = PBXBuildFile; fileRef = 9786305E28CC5A980042C2E2 /* MyPetViewController.swift */; };
		9786306728CC87200042C2E2 /* SearchResultTableViewCell.swift in Sources */ = {isa = PBXBuildFile; fileRef = 9786306628CC87200042C2E2 /* SearchResultTableViewCell.swift */; };
		9799F84528C7741C00E1C12C /* AppDelegate.swift in Sources */ = {isa = PBXBuildFile; fileRef = 9799F84428C7741C00E1C12C /* AppDelegate.swift */; };
		9799F84728C7741C00E1C12C /* SceneDelegate.swift in Sources */ = {isa = PBXBuildFile; fileRef = 9799F84628C7741C00E1C12C /* SceneDelegate.swift */; };
		9799F84E28C7741D00E1C12C /* Assets.xcassets in Resources */ = {isa = PBXBuildFile; fileRef = 9799F84D28C7741D00E1C12C /* Assets.xcassets */; };
		9799F85128C7741D00E1C12C /* LaunchScreen.storyboard in Resources */ = {isa = PBXBuildFile; fileRef = 9799F84F28C7741D00E1C12C /* LaunchScreen.storyboard */; };
		97C7CBC428CD8974007743FF /* RegisterPetView.swift in Sources */ = {isa = PBXBuildFile; fileRef = 97C7CBC328CD8974007743FF /* RegisterPetView.swift */; };
		97C7CBC628CD8981007743FF /* RegisterPetViewController.swift in Sources */ = {isa = PBXBuildFile; fileRef = 97C7CBC528CD8981007743FF /* RegisterPetViewController.swift */; };
		97C7CBC828CDC3D7007743FF /* Date+Extension.swift in Sources */ = {isa = PBXBuildFile; fileRef = 97C7CBC728CDC3D7007743FF /* Date+Extension.swift */; };
		97C7CBCE28CE3626007743FF /* WritingPetCollectionViewCell.swift in Sources */ = {isa = PBXBuildFile; fileRef = 97C7CBCD28CE3626007743FF /* WritingPetCollectionViewCell.swift */; };
		97C7CBD028CE3695007743FF /* BasePetCollectionViewCell.swift in Sources */ = {isa = PBXBuildFile; fileRef = 97C7CBCF28CE3695007743FF /* BasePetCollectionViewCell.swift */; };
		97C7CBD228CE4560007743FF /* WritingImageCollectionViewCell.swift in Sources */ = {isa = PBXBuildFile; fileRef = 97C7CBD128CE455F007743FF /* WritingImageCollectionViewCell.swift */; };
		97CF588228C8C9390062FEB9 /* SnapKit in Frameworks */ = {isa = PBXBuildFile; productRef = 97CF588128C8C9390062FEB9 /* SnapKit */; };
		97CF588528C8C9820062FEB9 /* Realm in Frameworks */ = {isa = PBXBuildFile; productRef = 97CF588428C8C9820062FEB9 /* Realm */; };
		97CF588728C8C9820062FEB9 /* RealmSwift in Frameworks */ = {isa = PBXBuildFile; productRef = 97CF588628C8C9820062FEB9 /* RealmSwift */; };
		97CF588928C8CB8F0062FEB9 /* TabBarController.swift in Sources */ = {isa = PBXBuildFile; fileRef = 97CF588828C8CB8F0062FEB9 /* TabBarController.swift */; };
		97CF588E28C8CC020062FEB9 /* BaseViewController.swift in Sources */ = {isa = PBXBuildFile; fileRef = 97CF588D28C8CC020062FEB9 /* BaseViewController.swift */; };
		97CF589028C8CC0B0062FEB9 /* BaseView.swift in Sources */ = {isa = PBXBuildFile; fileRef = 97CF588F28C8CC0B0062FEB9 /* BaseView.swift */; };
		97CF589228C9057C0062FEB9 /* UserMemory.swift in Sources */ = {isa = PBXBuildFile; fileRef = 97CF589128C9057C0062FEB9 /* UserMemory.swift */; };
		97CF589428C9058E0062FEB9 /* Repository.swift in Sources */ = {isa = PBXBuildFile; fileRef = 97CF589328C9058E0062FEB9 /* Repository.swift */; };
		97CF589A28CA33800062FEB9 /* UIViewController+Extension.swift in Sources */ = {isa = PBXBuildFile; fileRef = 97CF589928CA33800062FEB9 /* UIViewController+Extension.swift */; };
		97CF589F28CA481F0062FEB9 /* GmarketSansTTFMedium.ttf in Resources */ = {isa = PBXBuildFile; fileRef = 97CF589C28CA481F0062FEB9 /* GmarketSansTTFMedium.ttf */; };
		97CF58A028CA481F0062FEB9 /* GmarketSansTTFLight.ttf in Resources */ = {isa = PBXBuildFile; fileRef = 97CF589D28CA481F0062FEB9 /* GmarketSansTTFLight.ttf */; };
		97CF58A128CA481F0062FEB9 /* GmarketSansTTFBold.ttf in Resources */ = {isa = PBXBuildFile; fileRef = 97CF589E28CA481F0062FEB9 /* GmarketSansTTFBold.ttf */; };
		97CF58A328CAC6D70062FEB9 /* MainView.swift in Sources */ = {isa = PBXBuildFile; fileRef = 97CF58A228CAC6D70062FEB9 /* MainView.swift */; };
		97CF58A528CAC6E00062FEB9 /* MainViewController.swift in Sources */ = {isa = PBXBuildFile; fileRef = 97CF58A428CAC6E00062FEB9 /* MainViewController.swift */; };
		97CF58A728CAE2A60062FEB9 /* UIColor+Extension.swift in Sources */ = {isa = PBXBuildFile; fileRef = 97CF58A628CAE2A60062FEB9 /* UIColor+Extension.swift */; };
		97CF58A928CAE4420062FEB9 /* CustomFont.swift in Sources */ = {isa = PBXBuildFile; fileRef = 97CF58A828CAE4420062FEB9 /* CustomFont.swift */; };
		97CF58AD28CB02F60062FEB9 /* AllMemoryView.swift in Sources */ = {isa = PBXBuildFile; fileRef = 97CF58AC28CB02F60062FEB9 /* AllMemoryView.swift */; };
		97CF58AF28CB03010062FEB9 /* AllMemoryViewController.swift in Sources */ = {isa = PBXBuildFile; fileRef = 97CF58AE28CB03010062FEB9 /* AllMemoryViewController.swift */; };
		97CF58B228CB4C6E0062FEB9 /* AllMemoryTableViewCell.swift in Sources */ = {isa = PBXBuildFile; fileRef = 97CF58B128CB4C6E0062FEB9 /* AllMemoryTableViewCell.swift */; };
		97CF58B428CB4DF10062FEB9 /* UITableViewCell+Extension.swift in Sources */ = {isa = PBXBuildFile; fileRef = 97CF58B328CB4DF10062FEB9 /* UITableViewCell+Extension.swift */; };
		97CF58B628CB4E830062FEB9 /* BaseTableViewCell.swift in Sources */ = {isa = PBXBuildFile; fileRef = 97CF58B528CB4E830062FEB9 /* BaseTableViewCell.swift */; };
		97CF58BB28CB5EBF0062FEB9 /* SearchView.swift in Sources */ = {isa = PBXBuildFile; fileRef = 97CF58BA28CB5EBF0062FEB9 /* SearchView.swift */; };
		97CF58BD28CB5ECA0062FEB9 /* SearchViewController.swift in Sources */ = {isa = PBXBuildFile; fileRef = 97CF58BC28CB5ECA0062FEB9 /* SearchViewController.swift */; };
		97CF58CB28CBA03D0062FEB9 /* AllMemoryCollectionViewCell.swift in Sources */ = {isa = PBXBuildFile; fileRef = 97CF58CA28CBA03D0062FEB9 /* AllMemoryCollectionViewCell.swift */; };
		97CF58CD28CBA2C70062FEB9 /* BaseImageCollectionViewCell.swift in Sources */ = {isa = PBXBuildFile; fileRef = 97CF58CC28CBA2C70062FEB9 /* BaseImageCollectionViewCell.swift */; };
		97CF58CF28CBA31F0062FEB9 /* UICollectionViewCell+Extension.swift in Sources */ = {isa = PBXBuildFile; fileRef = 97CF58CE28CBA31F0062FEB9 /* UICollectionViewCell+Extension.swift */; };
		97D19CD828D1FB560074226C /* AddCalendarView.swift in Sources */ = {isa = PBXBuildFile; fileRef = 97D19CD728D1FB560074226C /* AddCalendarView.swift */; };
		97D19CDB28D1FB6D0074226C /* AddCalendarViewController.swift in Sources */ = {isa = PBXBuildFile; fileRef = 97D19CDA28D1FB6D0074226C /* AddCalendarViewController.swift */; };
/* End PBXBuildFile section */

/* Begin PBXFileReference section */
		970826A428D5E1E0000C530E /* MemoryDetailImageCollectionViewCell.swift */ = {isa = PBXFileReference; lastKnownFileType = sourcecode.swift; path = MemoryDetailImageCollectionViewCell.swift; sourceTree = "<group>"; };
		970826A628D5E876000C530E /* MemoryDetailPetCollectionViewCell.swift */ = {isa = PBXFileReference; lastKnownFileType = sourcecode.swift; path = MemoryDetailPetCollectionViewCell.swift; sourceTree = "<group>"; };
		9722A2C628DBA422008C3DB7 /* SettingTableViewCell.swift */ = {isa = PBXFileReference; lastKnownFileType = sourcecode.swift; path = SettingTableViewCell.swift; sourceTree = "<group>"; };
		97332AA028D95D220015ECE8 /* SettingView.swift */ = {isa = PBXFileReference; lastKnownFileType = sourcecode.swift; path = SettingView.swift; sourceTree = "<group>"; };
		97332AA228D95D2D0015ECE8 /* SettingViewController.swift */ = {isa = PBXFileReference; lastKnownFileType = sourcecode.swift; path = SettingViewController.swift; sourceTree = "<group>"; };
		9736007628D8463300FD9285 /* MyPetTableViewCell.swift */ = {isa = PBXFileReference; lastKnownFileType = sourcecode.swift; path = MyPetTableViewCell.swift; sourceTree = "<group>"; };
		9767A58A28D8DBF400304F6C /* AddPetTableViewCell.swift */ = {isa = PBXFileReference; lastKnownFileType = sourcecode.swift; path = AddPetTableViewCell.swift; sourceTree = "<group>"; };
		977CB68D28D4540D001342E9 /* WritingContentView.swift */ = {isa = PBXFileReference; lastKnownFileType = sourcecode.swift; path = WritingContentView.swift; sourceTree = "<group>"; };
		977CB68F28D45418001342E9 /* WritingContentViewController.swift */ = {isa = PBXFileReference; lastKnownFileType = sourcecode.swift; path = WritingContentViewController.swift; sourceTree = "<group>"; };
		977CB69228D47222001342E9 /* enum.swift */ = {isa = PBXFileReference; lastKnownFileType = sourcecode.swift; path = enum.swift; sourceTree = "<group>"; };
		977CB69428D4D051001342E9 /* NSNotification+Extension.swift */ = {isa = PBXFileReference; lastKnownFileType = sourcecode.swift; path = "NSNotification+Extension.swift"; sourceTree = "<group>"; };
		9781F0A028D16016008E6DBB /* MemoryDetailView.swift */ = {isa = PBXFileReference; lastKnownFileType = sourcecode.swift; path = MemoryDetailView.swift; sourceTree = "<group>"; };
		9781F0A228D16029008E6DBB /* MemoryDetailViewController.swift */ = {isa = PBXFileReference; lastKnownFileType = sourcecode.swift; path = MemoryDetailViewController.swift; sourceTree = "<group>"; };
		9781F0AE28D1A0C5008E6DBB /* CalendarTableViewCell.swift */ = {isa = PBXFileReference; lastKnownFileType = sourcecode.swift; path = CalendarTableViewCell.swift; sourceTree = "<group>"; };
		9781F0B028D1E35C008E6DBB /* UserPet.swift */ = {isa = PBXFileReference; lastKnownFileType = sourcecode.swift; path = UserPet.swift; sourceTree = "<group>"; };
		9781F0B228D1E37E008E6DBB /* UserCalendar.swift */ = {isa = PBXFileReference; lastKnownFileType = sourcecode.swift; path = UserCalendar.swift; sourceTree = "<group>"; };
		9786304728CC15570042C2E2 /* TodayListView.swift */ = {isa = PBXFileReference; lastKnownFileType = sourcecode.swift; path = TodayListView.swift; sourceTree = "<group>"; };
		9786304928CC15630042C2E2 /* TodayListViewController.swift */ = {isa = PBXFileReference; lastKnownFileType = sourcecode.swift; path = TodayListViewController.swift; sourceTree = "<group>"; };
		9786304C28CC1B3C0042C2E2 /* TodayListTableViewCell.swift */ = {isa = PBXFileReference; lastKnownFileType = sourcecode.swift; path = TodayListTableViewCell.swift; sourceTree = "<group>"; };
		9786305328CC3B570042C2E2 /* WritingView.swift */ = {isa = PBXFileReference; lastKnownFileType = sourcecode.swift; path = WritingView.swift; sourceTree = "<group>"; };
		9786305528CC3B5E0042C2E2 /* WritingViewController.swift */ = {isa = PBXFileReference; lastKnownFileType = sourcecode.swift; path = WritingViewController.swift; sourceTree = "<group>"; };
		9786305828CC5A260042C2E2 /* CalendarView.swift */ = {isa = PBXFileReference; lastKnownFileType = sourcecode.swift; path = CalendarView.swift; sourceTree = "<group>"; };
		9786305A28CC5A2F0042C2E2 /* CalendarViewController.swift */ = {isa = PBXFileReference; lastKnownFileType = sourcecode.swift; path = CalendarViewController.swift; sourceTree = "<group>"; };
		9786305C28CC5A8F0042C2E2 /* MyPetView.swift */ = {isa = PBXFileReference; lastKnownFileType = sourcecode.swift; path = MyPetView.swift; sourceTree = "<group>"; };
		9786305E28CC5A980042C2E2 /* MyPetViewController.swift */ = {isa = PBXFileReference; lastKnownFileType = sourcecode.swift; path = MyPetViewController.swift; sourceTree = "<group>"; };
		9786306628CC87200042C2E2 /* SearchResultTableViewCell.swift */ = {isa = PBXFileReference; lastKnownFileType = sourcecode.swift; path = SearchResultTableViewCell.swift; sourceTree = "<group>"; };
		9799F84128C7741C00E1C12C /* Petmory.app */ = {isa = PBXFileReference; explicitFileType = wrapper.application; includeInIndex = 0; path = Petmory.app; sourceTree = BUILT_PRODUCTS_DIR; };
		9799F84428C7741C00E1C12C /* AppDelegate.swift */ = {isa = PBXFileReference; lastKnownFileType = sourcecode.swift; path = AppDelegate.swift; sourceTree = "<group>"; };
		9799F84628C7741C00E1C12C /* SceneDelegate.swift */ = {isa = PBXFileReference; lastKnownFileType = sourcecode.swift; path = SceneDelegate.swift; sourceTree = "<group>"; };
		9799F84D28C7741D00E1C12C /* Assets.xcassets */ = {isa = PBXFileReference; lastKnownFileType = folder.assetcatalog; path = Assets.xcassets; sourceTree = "<group>"; };
		9799F85028C7741D00E1C12C /* Base */ = {isa = PBXFileReference; lastKnownFileType = file.storyboard; name = Base; path = Base.lproj/LaunchScreen.storyboard; sourceTree = "<group>"; };
		9799F85228C7741D00E1C12C /* Info.plist */ = {isa = PBXFileReference; lastKnownFileType = text.plist.xml; path = Info.plist; sourceTree = "<group>"; };
		97C7CBC328CD8974007743FF /* RegisterPetView.swift */ = {isa = PBXFileReference; lastKnownFileType = sourcecode.swift; path = RegisterPetView.swift; sourceTree = "<group>"; };
		97C7CBC528CD8981007743FF /* RegisterPetViewController.swift */ = {isa = PBXFileReference; lastKnownFileType = sourcecode.swift; path = RegisterPetViewController.swift; sourceTree = "<group>"; };
		97C7CBC728CDC3D7007743FF /* Date+Extension.swift */ = {isa = PBXFileReference; lastKnownFileType = sourcecode.swift; path = "Date+Extension.swift"; sourceTree = "<group>"; };
		97C7CBCD28CE3626007743FF /* WritingPetCollectionViewCell.swift */ = {isa = PBXFileReference; lastKnownFileType = sourcecode.swift; path = WritingPetCollectionViewCell.swift; sourceTree = "<group>"; };
		97C7CBCF28CE3695007743FF /* BasePetCollectionViewCell.swift */ = {isa = PBXFileReference; lastKnownFileType = sourcecode.swift; path = BasePetCollectionViewCell.swift; sourceTree = "<group>"; };
		97C7CBD128CE455F007743FF /* WritingImageCollectionViewCell.swift */ = {isa = PBXFileReference; lastKnownFileType = sourcecode.swift; path = WritingImageCollectionViewCell.swift; sourceTree = "<group>"; };
		97CF588828C8CB8F0062FEB9 /* TabBarController.swift */ = {isa = PBXFileReference; lastKnownFileType = sourcecode.swift; path = TabBarController.swift; sourceTree = "<group>"; };
		97CF588D28C8CC020062FEB9 /* BaseViewController.swift */ = {isa = PBXFileReference; lastKnownFileType = sourcecode.swift; path = BaseViewController.swift; sourceTree = "<group>"; };
		97CF588F28C8CC0B0062FEB9 /* BaseView.swift */ = {isa = PBXFileReference; lastKnownFileType = sourcecode.swift; path = BaseView.swift; sourceTree = "<group>"; };
		97CF589128C9057C0062FEB9 /* UserMemory.swift */ = {isa = PBXFileReference; lastKnownFileType = sourcecode.swift; path = UserMemory.swift; sourceTree = "<group>"; };
		97CF589328C9058E0062FEB9 /* Repository.swift */ = {isa = PBXFileReference; lastKnownFileType = sourcecode.swift; path = Repository.swift; sourceTree = "<group>"; };
		97CF589928CA33800062FEB9 /* UIViewController+Extension.swift */ = {isa = PBXFileReference; lastKnownFileType = sourcecode.swift; path = "UIViewController+Extension.swift"; sourceTree = "<group>"; };
		97CF589C28CA481F0062FEB9 /* GmarketSansTTFMedium.ttf */ = {isa = PBXFileReference; lastKnownFileType = file; path = GmarketSansTTFMedium.ttf; sourceTree = "<group>"; };
		97CF589D28CA481F0062FEB9 /* GmarketSansTTFLight.ttf */ = {isa = PBXFileReference; lastKnownFileType = file; path = GmarketSansTTFLight.ttf; sourceTree = "<group>"; };
		97CF589E28CA481F0062FEB9 /* GmarketSansTTFBold.ttf */ = {isa = PBXFileReference; lastKnownFileType = file; path = GmarketSansTTFBold.ttf; sourceTree = "<group>"; };
		97CF58A228CAC6D70062FEB9 /* MainView.swift */ = {isa = PBXFileReference; lastKnownFileType = sourcecode.swift; path = MainView.swift; sourceTree = "<group>"; };
		97CF58A428CAC6E00062FEB9 /* MainViewController.swift */ = {isa = PBXFileReference; lastKnownFileType = sourcecode.swift; path = MainViewController.swift; sourceTree = "<group>"; };
		97CF58A628CAE2A60062FEB9 /* UIColor+Extension.swift */ = {isa = PBXFileReference; lastKnownFileType = sourcecode.swift; path = "UIColor+Extension.swift"; sourceTree = "<group>"; };
		97CF58A828CAE4420062FEB9 /* CustomFont.swift */ = {isa = PBXFileReference; lastKnownFileType = sourcecode.swift; path = CustomFont.swift; sourceTree = "<group>"; };
		97CF58AC28CB02F60062FEB9 /* AllMemoryView.swift */ = {isa = PBXFileReference; lastKnownFileType = sourcecode.swift; path = AllMemoryView.swift; sourceTree = "<group>"; };
		97CF58AE28CB03010062FEB9 /* AllMemoryViewController.swift */ = {isa = PBXFileReference; lastKnownFileType = sourcecode.swift; path = AllMemoryViewController.swift; sourceTree = "<group>"; };
		97CF58B128CB4C6E0062FEB9 /* AllMemoryTableViewCell.swift */ = {isa = PBXFileReference; lastKnownFileType = sourcecode.swift; path = AllMemoryTableViewCell.swift; sourceTree = "<group>"; };
		97CF58B328CB4DF10062FEB9 /* UITableViewCell+Extension.swift */ = {isa = PBXFileReference; lastKnownFileType = sourcecode.swift; path = "UITableViewCell+Extension.swift"; sourceTree = "<group>"; };
		97CF58B528CB4E830062FEB9 /* BaseTableViewCell.swift */ = {isa = PBXFileReference; lastKnownFileType = sourcecode.swift; path = BaseTableViewCell.swift; sourceTree = "<group>"; };
		97CF58BA28CB5EBF0062FEB9 /* SearchView.swift */ = {isa = PBXFileReference; lastKnownFileType = sourcecode.swift; path = SearchView.swift; sourceTree = "<group>"; };
		97CF58BC28CB5ECA0062FEB9 /* SearchViewController.swift */ = {isa = PBXFileReference; lastKnownFileType = sourcecode.swift; path = SearchViewController.swift; sourceTree = "<group>"; };
		97CF58CA28CBA03D0062FEB9 /* AllMemoryCollectionViewCell.swift */ = {isa = PBXFileReference; lastKnownFileType = sourcecode.swift; path = AllMemoryCollectionViewCell.swift; sourceTree = "<group>"; };
		97CF58CC28CBA2C70062FEB9 /* BaseImageCollectionViewCell.swift */ = {isa = PBXFileReference; lastKnownFileType = sourcecode.swift; path = BaseImageCollectionViewCell.swift; sourceTree = "<group>"; };
		97CF58CE28CBA31F0062FEB9 /* UICollectionViewCell+Extension.swift */ = {isa = PBXFileReference; lastKnownFileType = sourcecode.swift; path = "UICollectionViewCell+Extension.swift"; sourceTree = "<group>"; };
		97D19CD728D1FB560074226C /* AddCalendarView.swift */ = {isa = PBXFileReference; lastKnownFileType = sourcecode.swift; path = AddCalendarView.swift; sourceTree = "<group>"; };
		97D19CDA28D1FB6D0074226C /* AddCalendarViewController.swift */ = {isa = PBXFileReference; lastKnownFileType = sourcecode.swift; path = AddCalendarViewController.swift; sourceTree = "<group>"; };
/* End PBXFileReference section */

/* Begin PBXFrameworksBuildPhase section */
		9799F83E28C7741C00E1C12C /* Frameworks */ = {
			isa = PBXFrameworksBuildPhase;
			buildActionMask = 2147483647;
			files = (
				9716A8F828D0E4D600AC62FA /* IQKeyboardManagerSwift in Frameworks */,
				9781F0A728D186EF008E6DBB /* FSCalendar in Frameworks */,
				97CF588728C8C9820062FEB9 /* RealmSwift in Frameworks */,
				97CF588528C8C9820062FEB9 /* Realm in Frameworks */,
				974107A628D0459300617F8F /* CropViewController in Frameworks */,
				97CF588228C8C9390062FEB9 /* SnapKit in Frameworks */,
			);
			runOnlyForDeploymentPostprocessing = 0;
		};
/* End PBXFrameworksBuildPhase section */

/* Begin PBXGroup section */
		97332A9F28D95D160015ECE8 /* Setting */ = {
			isa = PBXGroup;
			children = (
				97332AA028D95D220015ECE8 /* SettingView.swift */,
				97332AA228D95D2D0015ECE8 /* SettingViewController.swift */,
				9722A2C628DBA422008C3DB7 /* SettingTableViewCell.swift */,
			);
			path = Setting;
			sourceTree = "<group>";
		};
		9767A58928D8DBCB00304F6C /* Cell */ = {
			isa = PBXGroup;
			children = (
				9736007628D8463300FD9285 /* MyPetTableViewCell.swift */,
				9767A58A28D8DBF400304F6C /* AddPetTableViewCell.swift */,
			);
			path = Cell;
			sourceTree = "<group>";
		};
		977CB68C28D453FB001342E9 /* WritingContent */ = {
			isa = PBXGroup;
			children = (
				977CB68D28D4540D001342E9 /* WritingContentView.swift */,
				977CB68F28D45418001342E9 /* WritingContentViewController.swift */,
			);
			path = WritingContent;
			sourceTree = "<group>";
		};
		9781F09F28D15FBD008E6DBB /* MemoryDetail */ = {
			isa = PBXGroup;
			children = (
				9781F0A428D17515008E6DBB /* Cell */,
				9781F0A028D16016008E6DBB /* MemoryDetailView.swift */,
				9781F0A228D16029008E6DBB /* MemoryDetailViewController.swift */,
			);
			path = MemoryDetail;
			sourceTree = "<group>";
		};
		9781F0A428D17515008E6DBB /* Cell */ = {
			isa = PBXGroup;
			children = (
				970826A428D5E1E0000C530E /* MemoryDetailImageCollectionViewCell.swift */,
				970826A628D5E876000C530E /* MemoryDetailPetCollectionViewCell.swift */,
			);
			path = Cell;
			sourceTree = "<group>";
		};
		9781F0A928D1A07C008E6DBB /* Cell */ = {
			isa = PBXGroup;
			children = (
				9781F0AE28D1A0C5008E6DBB /* CalendarTableViewCell.swift */,
			);
			path = Cell;
			sourceTree = "<group>";
		};
		9786304628CC153E0042C2E2 /* TodayList */ = {
			isa = PBXGroup;
			children = (
				9786304B28CC1B1F0042C2E2 /* Cell */,
				9786304728CC15570042C2E2 /* TodayListView.swift */,
				9786304928CC15630042C2E2 /* TodayListViewController.swift */,
			);
			path = TodayList;
			sourceTree = "<group>";
		};
		9786304B28CC1B1F0042C2E2 /* Cell */ = {
			isa = PBXGroup;
			children = (
				9786304C28CC1B3C0042C2E2 /* TodayListTableViewCell.swift */,
			);
			path = Cell;
			sourceTree = "<group>";
		};
		9786305228CC3B4D0042C2E2 /* Writing */ = {
			isa = PBXGroup;
			children = (
				977CB68C28D453FB001342E9 /* WritingContent */,
				97C7CBCC28CE3617007743FF /* Cell */,
				9786305328CC3B570042C2E2 /* WritingView.swift */,
				9786305528CC3B5E0042C2E2 /* WritingViewController.swift */,
			);
			path = Writing;
			sourceTree = "<group>";
		};
		9786306028CC868F0042C2E2 /* Result */ = {
			isa = PBXGroup;
			children = (
				9786306528CC87160042C2E2 /* Cell */,
			);
			path = Result;
			sourceTree = "<group>";
		};
		9786306528CC87160042C2E2 /* Cell */ = {
			isa = PBXGroup;
			children = (
				9786306628CC87200042C2E2 /* SearchResultTableViewCell.swift */,
			);
			path = Cell;
			sourceTree = "<group>";
		};
		9799F83828C7741C00E1C12C = {
			isa = PBXGroup;
			children = (
				9799F84328C7741C00E1C12C /* Petmory */,
				9799F84228C7741C00E1C12C /* Products */,
			);
			sourceTree = "<group>";
		};
		9799F84228C7741C00E1C12C /* Products */ = {
			isa = PBXGroup;
			children = (
				9799F84128C7741C00E1C12C /* Petmory.app */,
			);
			name = Products;
			sourceTree = "<group>";
		};
		9799F84328C7741C00E1C12C /* Petmory */ = {
			isa = PBXGroup;
			children = (
				97CF589828CA336F0062FEB9 /* Extension */,
				9799F85A28C7BBDE00E1C12C /* Utility */,
				9799F85928C7BBCC00E1C12C /* Model */,
				9799F85828C7BBC400E1C12C /* Scene */,
				9799F84428C7741C00E1C12C /* AppDelegate.swift */,
				9799F84628C7741C00E1C12C /* SceneDelegate.swift */,
				9799F84D28C7741D00E1C12C /* Assets.xcassets */,
				9799F84F28C7741D00E1C12C /* LaunchScreen.storyboard */,
				9799F85228C7741D00E1C12C /* Info.plist */,
				9799F85B28C7BCE600E1C12C /* Resource */,
			);
			path = Petmory;
			sourceTree = "<group>";
		};
		9799F85828C7BBC400E1C12C /* Scene */ = {
			isa = PBXGroup;
			children = (
				97CF588828C8CB8F0062FEB9 /* TabBarController.swift */,
				97CF58AB28CAFB650062FEB9 /* AllMemory */,
				97CF588A28C8CBBF0062FEB9 /* Main */,
				97CF588B28C8CBD50062FEB9 /* Calendar */,
				97CF588C28C8CBDE0062FEB9 /* MyPet */,
				97CF58B928CB5EA30062FEB9 /* Search */,
				97332A9F28D95D160015ECE8 /* Setting */,
			);
			path = Scene;
			sourceTree = "<group>";
		};
		9799F85928C7BBCC00E1C12C /* Model */ = {
			isa = PBXGroup;
			children = (
				97CF589128C9057C0062FEB9 /* UserMemory.swift */,
				9781F0B028D1E35C008E6DBB /* UserPet.swift */,
				9781F0B228D1E37E008E6DBB /* UserCalendar.swift */,
				97CF589328C9058E0062FEB9 /* Repository.swift */,
				977CB69228D47222001342E9 /* enum.swift */,
			);
			path = Model;
			sourceTree = "<group>";
		};
		9799F85A28C7BBDE00E1C12C /* Utility */ = {
			isa = PBXGroup;
			children = (
				97CF588D28C8CC020062FEB9 /* BaseViewController.swift */,
				97CF588F28C8CC0B0062FEB9 /* BaseView.swift */,
				97CF58B528CB4E830062FEB9 /* BaseTableViewCell.swift */,
				97CF58CC28CBA2C70062FEB9 /* BaseImageCollectionViewCell.swift */,
				97C7CBCF28CE3695007743FF /* BasePetCollectionViewCell.swift */,
			);
			path = Utility;
			sourceTree = "<group>";
		};
		9799F85B28C7BCE600E1C12C /* Resource */ = {
			isa = PBXGroup;
			children = (
				97CF589B28CA47360062FEB9 /* Font */,
			);
			path = Resource;
			sourceTree = "<group>";
		};
		97C7CBC228CD895A007743FF /* RegisterPet */ = {
			isa = PBXGroup;
			children = (
				97C7CBC328CD8974007743FF /* RegisterPetView.swift */,
				97C7CBC528CD8981007743FF /* RegisterPetViewController.swift */,
			);
			path = RegisterPet;
			sourceTree = "<group>";
		};
		97C7CBCC28CE3617007743FF /* Cell */ = {
			isa = PBXGroup;
			children = (
				97C7CBCD28CE3626007743FF /* WritingPetCollectionViewCell.swift */,
				97C7CBD128CE455F007743FF /* WritingImageCollectionViewCell.swift */,
			);
			path = Cell;
			sourceTree = "<group>";
		};
		97CF588A28C8CBBF0062FEB9 /* Main */ = {
			isa = PBXGroup;
			children = (
				9781F09F28D15FBD008E6DBB /* MemoryDetail */,
				9786305228CC3B4D0042C2E2 /* Writing */,
				9786304628CC153E0042C2E2 /* TodayList */,
				97CF58A228CAC6D70062FEB9 /* MainView.swift */,
				97CF58A428CAC6E00062FEB9 /* MainViewController.swift */,
			);
			path = Main;
			sourceTree = "<group>";
		};
		97CF588B28C8CBD50062FEB9 /* Calendar */ = {
			isa = PBXGroup;
			children = (
				97D19CD928D1FB5A0074226C /* AddCalendar */,
				9781F0A928D1A07C008E6DBB /* Cell */,
				9786305828CC5A260042C2E2 /* CalendarView.swift */,
				9786305A28CC5A2F0042C2E2 /* CalendarViewController.swift */,
			);
			path = Calendar;
			sourceTree = "<group>";
		};
		97CF588C28C8CBDE0062FEB9 /* MyPet */ = {
			isa = PBXGroup;
			children = (
				97C7CBC228CD895A007743FF /* RegisterPet */,
				9786305C28CC5A8F0042C2E2 /* MyPetView.swift */,
				9786305E28CC5A980042C2E2 /* MyPetViewController.swift */,
				9767A58928D8DBCB00304F6C /* Cell */,
			);
			path = MyPet;
			sourceTree = "<group>";
		};
		97CF589828CA336F0062FEB9 /* Extension */ = {
			isa = PBXGroup;
			children = (
				97CF589928CA33800062FEB9 /* UIViewController+Extension.swift */,
				97CF58A628CAE2A60062FEB9 /* UIColor+Extension.swift */,
				97CF58CE28CBA31F0062FEB9 /* UICollectionViewCell+Extension.swift */,
				97CF58B328CB4DF10062FEB9 /* UITableViewCell+Extension.swift */,
				97C7CBC728CDC3D7007743FF /* Date+Extension.swift */,
				977CB69428D4D051001342E9 /* NSNotification+Extension.swift */,
			);
			path = Extension;
			sourceTree = "<group>";
		};
		97CF589B28CA47360062FEB9 /* Font */ = {
			isa = PBXGroup;
			children = (
				97CF589E28CA481F0062FEB9 /* GmarketSansTTFBold.ttf */,
				97CF589D28CA481F0062FEB9 /* GmarketSansTTFLight.ttf */,
				97CF589C28CA481F0062FEB9 /* GmarketSansTTFMedium.ttf */,
				97CF58A828CAE4420062FEB9 /* CustomFont.swift */,
			);
			path = Font;
			sourceTree = "<group>";
		};
		97CF58AB28CAFB650062FEB9 /* AllMemory */ = {
			isa = PBXGroup;
			children = (
				97CF58B028CB4C630062FEB9 /* Cell */,
				97CF58AC28CB02F60062FEB9 /* AllMemoryView.swift */,
				97CF58AE28CB03010062FEB9 /* AllMemoryViewController.swift */,
			);
			path = AllMemory;
			sourceTree = "<group>";
		};
		97CF58B028CB4C630062FEB9 /* Cell */ = {
			isa = PBXGroup;
			children = (
				97CF58B128CB4C6E0062FEB9 /* AllMemoryTableViewCell.swift */,
				97CF58CA28CBA03D0062FEB9 /* AllMemoryCollectionViewCell.swift */,
			);
			path = Cell;
			sourceTree = "<group>";
		};
		97CF58B928CB5EA30062FEB9 /* Search */ = {
			isa = PBXGroup;
			children = (
				9786306028CC868F0042C2E2 /* Result */,
				97CF58BA28CB5EBF0062FEB9 /* SearchView.swift */,
				97CF58BC28CB5ECA0062FEB9 /* SearchViewController.swift */,
			);
			path = Search;
			sourceTree = "<group>";
		};
		97D19CD928D1FB5A0074226C /* AddCalendar */ = {
			isa = PBXGroup;
			children = (
				97D19CD728D1FB560074226C /* AddCalendarView.swift */,
				97D19CDA28D1FB6D0074226C /* AddCalendarViewController.swift */,
			);
			path = AddCalendar;
			sourceTree = "<group>";
		};
/* End PBXGroup section */

/* Begin PBXNativeTarget section */
		9799F84028C7741C00E1C12C /* Petmory */ = {
			isa = PBXNativeTarget;
			buildConfigurationList = 9799F85528C7741D00E1C12C /* Build configuration list for PBXNativeTarget "Petmory" */;
			buildPhases = (
				9799F83D28C7741C00E1C12C /* Sources */,
				9799F83E28C7741C00E1C12C /* Frameworks */,
				9799F83F28C7741C00E1C12C /* Resources */,
			);
			buildRules = (
			);
			dependencies = (
			);
			name = Petmory;
			packageProductDependencies = (
				97CF588128C8C9390062FEB9 /* SnapKit */,
				97CF588428C8C9820062FEB9 /* Realm */,
				97CF588628C8C9820062FEB9 /* RealmSwift */,
				974107A528D0459300617F8F /* CropViewController */,
				9716A8F728D0E4D600AC62FA /* IQKeyboardManagerSwift */,
				9781F0A628D186EF008E6DBB /* FSCalendar */,
			);
			productName = Petmory;
			productReference = 9799F84128C7741C00E1C12C /* Petmory.app */;
			productType = "com.apple.product-type.application";
		};
/* End PBXNativeTarget section */

/* Begin PBXProject section */
		9799F83928C7741C00E1C12C /* Project object */ = {
			isa = PBXProject;
			attributes = {
				BuildIndependentTargetsInParallel = 1;
				LastSwiftUpdateCheck = 1340;
				LastUpgradeCheck = 1340;
				TargetAttributes = {
					9799F84028C7741C00E1C12C = {
						CreatedOnToolsVersion = 13.4.1;
					};
				};
			};
			buildConfigurationList = 9799F83C28C7741C00E1C12C /* Build configuration list for PBXProject "Petmory" */;
			compatibilityVersion = "Xcode 13.0";
			developmentRegion = en;
			hasScannedForEncodings = 0;
			knownRegions = (
				en,
				Base,
			);
			mainGroup = 9799F83828C7741C00E1C12C;
			packageReferences = (
				97CF588028C8C9390062FEB9 /* XCRemoteSwiftPackageReference "SnapKit" */,
				97CF588328C8C9820062FEB9 /* XCRemoteSwiftPackageReference "realm-swift" */,
				974107A428D0459300617F8F /* XCRemoteSwiftPackageReference "TOCropViewController" */,
				9716A8F628D0E4D600AC62FA /* XCRemoteSwiftPackageReference "IQKeyboardManager" */,
				9781F0A528D186EF008E6DBB /* XCRemoteSwiftPackageReference "FSCalendar" */,
			);
			productRefGroup = 9799F84228C7741C00E1C12C /* Products */;
			projectDirPath = "";
			projectRoot = "";
			targets = (
				9799F84028C7741C00E1C12C /* Petmory */,
			);
		};
/* End PBXProject section */

/* Begin PBXResourcesBuildPhase section */
		9799F83F28C7741C00E1C12C /* Resources */ = {
			isa = PBXResourcesBuildPhase;
			buildActionMask = 2147483647;
			files = (
				9799F85128C7741D00E1C12C /* LaunchScreen.storyboard in Resources */,
				97CF58A028CA481F0062FEB9 /* GmarketSansTTFLight.ttf in Resources */,
				9799F84E28C7741D00E1C12C /* Assets.xcassets in Resources */,
				97CF589F28CA481F0062FEB9 /* GmarketSansTTFMedium.ttf in Resources */,
				97CF58A128CA481F0062FEB9 /* GmarketSansTTFBold.ttf in Resources */,
			);
			runOnlyForDeploymentPostprocessing = 0;
		};
/* End PBXResourcesBuildPhase section */

/* Begin PBXSourcesBuildPhase section */
		9799F83D28C7741C00E1C12C /* Sources */ = {
			isa = PBXSourcesBuildPhase;
			buildActionMask = 2147483647;
			files = (
				9781F0A328D16029008E6DBB /* MemoryDetailViewController.swift in Sources */,
				97C7CBC428CD8974007743FF /* RegisterPetView.swift in Sources */,
				97CF58B228CB4C6E0062FEB9 /* AllMemoryTableViewCell.swift in Sources */,
				97CF58BB28CB5EBF0062FEB9 /* SearchView.swift in Sources */,
				970826A528D5E1E0000C530E /* MemoryDetailImageCollectionViewCell.swift in Sources */,
				97C7CBC828CDC3D7007743FF /* Date+Extension.swift in Sources */,
				970826A728D5E876000C530E /* MemoryDetailPetCollectionViewCell.swift in Sources */,
				9786305628CC3B5E0042C2E2 /* WritingViewController.swift in Sources */,
				9781F0AF28D1A0C5008E6DBB /* CalendarTableViewCell.swift in Sources */,
				97CF589A28CA33800062FEB9 /* UIViewController+Extension.swift in Sources */,
				9786305F28CC5A980042C2E2 /* MyPetViewController.swift in Sources */,
				97CF58CB28CBA03D0062FEB9 /* AllMemoryCollectionViewCell.swift in Sources */,
				97CF58A328CAC6D70062FEB9 /* MainView.swift in Sources */,
				97CF58B428CB4DF10062FEB9 /* UITableViewCell+Extension.swift in Sources */,
				97D19CDB28D1FB6D0074226C /* AddCalendarViewController.swift in Sources */,
				9781F0B328D1E37E008E6DBB /* UserCalendar.swift in Sources */,
				9786305428CC3B570042C2E2 /* WritingView.swift in Sources */,
				97CF58CF28CBA31F0062FEB9 /* UICollectionViewCell+Extension.swift in Sources */,
				97CF589428C9058E0062FEB9 /* Repository.swift in Sources */,
				97CF58A728CAE2A60062FEB9 /* UIColor+Extension.swift in Sources */,
				9781F0A128D16016008E6DBB /* MemoryDetailView.swift in Sources */,
				97332AA128D95D220015ECE8 /* SettingView.swift in Sources */,
				9786305B28CC5A2F0042C2E2 /* CalendarViewController.swift in Sources */,
				97CF588928C8CB8F0062FEB9 /* TabBarController.swift in Sources */,
				97CF58CD28CBA2C70062FEB9 /* BaseImageCollectionViewCell.swift in Sources */,
				977CB69528D4D051001342E9 /* NSNotification+Extension.swift in Sources */,
				97CF589228C9057C0062FEB9 /* UserMemory.swift in Sources */,
				97CF58BD28CB5ECA0062FEB9 /* SearchViewController.swift in Sources */,
				97C7CBD028CE3695007743FF /* BasePetCollectionViewCell.swift in Sources */,
				9786304A28CC15630042C2E2 /* TodayListViewController.swift in Sources */,
				9722A2C728DBA422008C3DB7 /* SettingTableViewCell.swift in Sources */,
				97CF588E28C8CC020062FEB9 /* BaseViewController.swift in Sources */,
				97C7CBD228CE4560007743FF /* WritingImageCollectionViewCell.swift in Sources */,
				977CB69028D45418001342E9 /* WritingContentViewController.swift in Sources */,
				97D19CD828D1FB560074226C /* AddCalendarView.swift in Sources */,
				9736007728D8463300FD9285 /* MyPetTableViewCell.swift in Sources */,
				97CF589028C8CC0B0062FEB9 /* BaseView.swift in Sources */,
				977CB68E28D4540D001342E9 /* WritingContentView.swift in Sources */,
				9767A58B28D8DBF400304F6C /* AddPetTableViewCell.swift in Sources */,
				9786305D28CC5A900042C2E2 /* MyPetView.swift in Sources */,
				97C7CBC628CD8981007743FF /* RegisterPetViewController.swift in Sources */,
				97CF58AD28CB02F60062FEB9 /* AllMemoryView.swift in Sources */,
				9786305928CC5A260042C2E2 /* CalendarView.swift in Sources */,
				97CF58AF28CB03010062FEB9 /* AllMemoryViewController.swift in Sources */,
				9786306728CC87200042C2E2 /* SearchResultTableViewCell.swift in Sources */,
				97CF58B628CB4E830062FEB9 /* BaseTableViewCell.swift in Sources */,
				97332AA328D95D2D0015ECE8 /* SettingViewController.swift in Sources */,
				97C7CBCE28CE3626007743FF /* WritingPetCollectionViewCell.swift in Sources */,
				9799F84528C7741C00E1C12C /* AppDelegate.swift in Sources */,
				97CF58A928CAE4420062FEB9 /* CustomFont.swift in Sources */,
				9781F0B128D1E35C008E6DBB /* UserPet.swift in Sources */,
				977CB69328D47222001342E9 /* enum.swift in Sources */,
				9799F84728C7741C00E1C12C /* SceneDelegate.swift in Sources */,
				9786304D28CC1B3C0042C2E2 /* TodayListTableViewCell.swift in Sources */,
				9786304828CC15570042C2E2 /* TodayListView.swift in Sources */,
				97CF58A528CAC6E00062FEB9 /* MainViewController.swift in Sources */,
			);
			runOnlyForDeploymentPostprocessing = 0;
		};
/* End PBXSourcesBuildPhase section */

/* Begin PBXVariantGroup section */
		9799F84F28C7741D00E1C12C /* LaunchScreen.storyboard */ = {
			isa = PBXVariantGroup;
			children = (
				9799F85028C7741D00E1C12C /* Base */,
			);
			name = LaunchScreen.storyboard;
			sourceTree = "<group>";
		};
/* End PBXVariantGroup section */

/* Begin XCBuildConfiguration section */
		9799F85328C7741D00E1C12C /* Debug */ = {
			isa = XCBuildConfiguration;
			buildSettings = {
				ALWAYS_SEARCH_USER_PATHS = NO;
				CLANG_ANALYZER_NONNULL = YES;
				CLANG_ANALYZER_NUMBER_OBJECT_CONVERSION = YES_AGGRESSIVE;
				CLANG_CXX_LANGUAGE_STANDARD = "gnu++17";
				CLANG_ENABLE_MODULES = YES;
				CLANG_ENABLE_OBJC_ARC = YES;
				CLANG_ENABLE_OBJC_WEAK = YES;
				CLANG_WARN_BLOCK_CAPTURE_AUTORELEASING = YES;
				CLANG_WARN_BOOL_CONVERSION = YES;
				CLANG_WARN_COMMA = YES;
				CLANG_WARN_CONSTANT_CONVERSION = YES;
				CLANG_WARN_DEPRECATED_OBJC_IMPLEMENTATIONS = YES;
				CLANG_WARN_DIRECT_OBJC_ISA_USAGE = YES_ERROR;
				CLANG_WARN_DOCUMENTATION_COMMENTS = YES;
				CLANG_WARN_EMPTY_BODY = YES;
				CLANG_WARN_ENUM_CONVERSION = YES;
				CLANG_WARN_INFINITE_RECURSION = YES;
				CLANG_WARN_INT_CONVERSION = YES;
				CLANG_WARN_NON_LITERAL_NULL_CONVERSION = YES;
				CLANG_WARN_OBJC_IMPLICIT_RETAIN_SELF = YES;
				CLANG_WARN_OBJC_LITERAL_CONVERSION = YES;
				CLANG_WARN_OBJC_ROOT_CLASS = YES_ERROR;
				CLANG_WARN_QUOTED_INCLUDE_IN_FRAMEWORK_HEADER = YES;
				CLANG_WARN_RANGE_LOOP_ANALYSIS = YES;
				CLANG_WARN_STRICT_PROTOTYPES = YES;
				CLANG_WARN_SUSPICIOUS_MOVE = YES;
				CLANG_WARN_UNGUARDED_AVAILABILITY = YES_AGGRESSIVE;
				CLANG_WARN_UNREACHABLE_CODE = YES;
				CLANG_WARN__DUPLICATE_METHOD_MATCH = YES;
				COPY_PHASE_STRIP = NO;
				DEBUG_INFORMATION_FORMAT = dwarf;
				ENABLE_STRICT_OBJC_MSGSEND = YES;
				ENABLE_TESTABILITY = YES;
				GCC_C_LANGUAGE_STANDARD = gnu11;
				GCC_DYNAMIC_NO_PIC = NO;
				GCC_NO_COMMON_BLOCKS = YES;
				GCC_OPTIMIZATION_LEVEL = 0;
				GCC_PREPROCESSOR_DEFINITIONS = (
					"DEBUG=1",
					"$(inherited)",
				);
				GCC_WARN_64_TO_32_BIT_CONVERSION = YES;
				GCC_WARN_ABOUT_RETURN_TYPE = YES_ERROR;
				GCC_WARN_UNDECLARED_SELECTOR = YES;
				GCC_WARN_UNINITIALIZED_AUTOS = YES_AGGRESSIVE;
				GCC_WARN_UNUSED_FUNCTION = YES;
				GCC_WARN_UNUSED_VARIABLE = YES;
				IPHONEOS_DEPLOYMENT_TARGET = 15.5;
				MTL_ENABLE_DEBUG_INFO = INCLUDE_SOURCE;
				MTL_FAST_MATH = YES;
				ONLY_ACTIVE_ARCH = YES;
				SDKROOT = iphoneos;
				SWIFT_ACTIVE_COMPILATION_CONDITIONS = DEBUG;
				SWIFT_OPTIMIZATION_LEVEL = "-Onone";
			};
			name = Debug;
		};
		9799F85428C7741D00E1C12C /* Release */ = {
			isa = XCBuildConfiguration;
			buildSettings = {
				ALWAYS_SEARCH_USER_PATHS = NO;
				CLANG_ANALYZER_NONNULL = YES;
				CLANG_ANALYZER_NUMBER_OBJECT_CONVERSION = YES_AGGRESSIVE;
				CLANG_CXX_LANGUAGE_STANDARD = "gnu++17";
				CLANG_ENABLE_MODULES = YES;
				CLANG_ENABLE_OBJC_ARC = YES;
				CLANG_ENABLE_OBJC_WEAK = YES;
				CLANG_WARN_BLOCK_CAPTURE_AUTORELEASING = YES;
				CLANG_WARN_BOOL_CONVERSION = YES;
				CLANG_WARN_COMMA = YES;
				CLANG_WARN_CONSTANT_CONVERSION = YES;
				CLANG_WARN_DEPRECATED_OBJC_IMPLEMENTATIONS = YES;
				CLANG_WARN_DIRECT_OBJC_ISA_USAGE = YES_ERROR;
				CLANG_WARN_DOCUMENTATION_COMMENTS = YES;
				CLANG_WARN_EMPTY_BODY = YES;
				CLANG_WARN_ENUM_CONVERSION = YES;
				CLANG_WARN_INFINITE_RECURSION = YES;
				CLANG_WARN_INT_CONVERSION = YES;
				CLANG_WARN_NON_LITERAL_NULL_CONVERSION = YES;
				CLANG_WARN_OBJC_IMPLICIT_RETAIN_SELF = YES;
				CLANG_WARN_OBJC_LITERAL_CONVERSION = YES;
				CLANG_WARN_OBJC_ROOT_CLASS = YES_ERROR;
				CLANG_WARN_QUOTED_INCLUDE_IN_FRAMEWORK_HEADER = YES;
				CLANG_WARN_RANGE_LOOP_ANALYSIS = YES;
				CLANG_WARN_STRICT_PROTOTYPES = YES;
				CLANG_WARN_SUSPICIOUS_MOVE = YES;
				CLANG_WARN_UNGUARDED_AVAILABILITY = YES_AGGRESSIVE;
				CLANG_WARN_UNREACHABLE_CODE = YES;
				CLANG_WARN__DUPLICATE_METHOD_MATCH = YES;
				COPY_PHASE_STRIP = NO;
				DEBUG_INFORMATION_FORMAT = "dwarf-with-dsym";
				ENABLE_NS_ASSERTIONS = NO;
				ENABLE_STRICT_OBJC_MSGSEND = YES;
				GCC_C_LANGUAGE_STANDARD = gnu11;
				GCC_NO_COMMON_BLOCKS = YES;
				GCC_WARN_64_TO_32_BIT_CONVERSION = YES;
				GCC_WARN_ABOUT_RETURN_TYPE = YES_ERROR;
				GCC_WARN_UNDECLARED_SELECTOR = YES;
				GCC_WARN_UNINITIALIZED_AUTOS = YES_AGGRESSIVE;
				GCC_WARN_UNUSED_FUNCTION = YES;
				GCC_WARN_UNUSED_VARIABLE = YES;
				IPHONEOS_DEPLOYMENT_TARGET = 15.5;
				MTL_ENABLE_DEBUG_INFO = NO;
				MTL_FAST_MATH = YES;
				SDKROOT = iphoneos;
				SWIFT_COMPILATION_MODE = wholemodule;
				SWIFT_OPTIMIZATION_LEVEL = "-O";
				VALIDATE_PRODUCT = YES;
			};
			name = Release;
		};
		9799F85628C7741D00E1C12C /* Debug */ = {
			isa = XCBuildConfiguration;
			buildSettings = {
				ASSETCATALOG_COMPILER_APPICON_NAME = AppIcon;
				ASSETCATALOG_COMPILER_GLOBAL_ACCENT_COLOR_NAME = AccentColor;
				CODE_SIGN_STYLE = Automatic;
				CURRENT_PROJECT_VERSION = 1;
				DEVELOPMENT_TEAM = 3C6U386B4C;
				GENERATE_INFOPLIST_FILE = YES;
				INFOPLIST_FILE = Petmory/Info.plist;
				INFOPLIST_KEY_UIApplicationSupportsIndirectInputEvents = YES;
				INFOPLIST_KEY_UILaunchStoryboardName = LaunchScreen;
				INFOPLIST_KEY_UISupportedInterfaceOrientations = UIInterfaceOrientationPortrait;
				INFOPLIST_KEY_UISupportedInterfaceOrientations_iPad = "UIInterfaceOrientationPortrait UIInterfaceOrientationPortraitUpsideDown UIInterfaceOrientationLandscapeLeft UIInterfaceOrientationLandscapeRight";
				INFOPLIST_KEY_UISupportedInterfaceOrientations_iPhone = UIInterfaceOrientationPortrait;
				IPHONEOS_DEPLOYMENT_TARGET = 15.0;
				LD_RUNPATH_SEARCH_PATHS = (
					"$(inherited)",
					"@executable_path/Frameworks",
				);
				MARKETING_VERSION = 1.0;
				PRODUCT_BUNDLE_IDENTIFIER = com.hee.Petmory;
				PRODUCT_NAME = "$(TARGET_NAME)";
				SUPPORTED_PLATFORMS = "iphoneos iphonesimulator";
				SUPPORTS_MACCATALYST = NO;
				SUPPORTS_MAC_DESIGNED_FOR_IPHONE_IPAD = NO;
				SWIFT_EMIT_LOC_STRINGS = YES;
				SWIFT_VERSION = 5.0;
				TARGETED_DEVICE_FAMILY = 1;
			};
			name = Debug;
		};
		9799F85728C7741D00E1C12C /* Release */ = {
			isa = XCBuildConfiguration;
			buildSettings = {
				ASSETCATALOG_COMPILER_APPICON_NAME = AppIcon;
				ASSETCATALOG_COMPILER_GLOBAL_ACCENT_COLOR_NAME = AccentColor;
				CODE_SIGN_STYLE = Automatic;
				CURRENT_PROJECT_VERSION = 1;
				DEVELOPMENT_TEAM = 3C6U386B4C;
				GENERATE_INFOPLIST_FILE = YES;
				INFOPLIST_FILE = Petmory/Info.plist;
				INFOPLIST_KEY_UIApplicationSupportsIndirectInputEvents = YES;
				INFOPLIST_KEY_UILaunchStoryboardName = LaunchScreen;
				INFOPLIST_KEY_UISupportedInterfaceOrientations = UIInterfaceOrientationPortrait;
				INFOPLIST_KEY_UISupportedInterfaceOrientations_iPad = "UIInterfaceOrientationPortrait UIInterfaceOrientationPortraitUpsideDown UIInterfaceOrientationLandscapeLeft UIInterfaceOrientationLandscapeRight";
				INFOPLIST_KEY_UISupportedInterfaceOrientations_iPhone = UIInterfaceOrientationPortrait;
				IPHONEOS_DEPLOYMENT_TARGET = 15.0;
				LD_RUNPATH_SEARCH_PATHS = (
					"$(inherited)",
					"@executable_path/Frameworks",
				);
				MARKETING_VERSION = 1.0;
				PRODUCT_BUNDLE_IDENTIFIER = com.hee.Petmory;
				PRODUCT_NAME = "$(TARGET_NAME)";
				SUPPORTED_PLATFORMS = "iphoneos iphonesimulator";
				SUPPORTS_MACCATALYST = NO;
				SUPPORTS_MAC_DESIGNED_FOR_IPHONE_IPAD = NO;
				SWIFT_EMIT_LOC_STRINGS = YES;
				SWIFT_VERSION = 5.0;
				TARGETED_DEVICE_FAMILY = 1;
			};
			name = Release;
		};
/* End XCBuildConfiguration section */

/* Begin XCConfigurationList section */
		9799F83C28C7741C00E1C12C /* Build configuration list for PBXProject "Petmory" */ = {
			isa = XCConfigurationList;
			buildConfigurations = (
				9799F85328C7741D00E1C12C /* Debug */,
				9799F85428C7741D00E1C12C /* Release */,
			);
			defaultConfigurationIsVisible = 0;
			defaultConfigurationName = Release;
		};
		9799F85528C7741D00E1C12C /* Build configuration list for PBXNativeTarget "Petmory" */ = {
			isa = XCConfigurationList;
			buildConfigurations = (
				9799F85628C7741D00E1C12C /* Debug */,
				9799F85728C7741D00E1C12C /* Release */,
			);
			defaultConfigurationIsVisible = 0;
			defaultConfigurationName = Release;
		};
/* End XCConfigurationList section */

/* Begin XCRemoteSwiftPackageReference section */
		9716A8F628D0E4D600AC62FA /* XCRemoteSwiftPackageReference "IQKeyboardManager" */ = {
			isa = XCRemoteSwiftPackageReference;
			repositoryURL = "https://github.com/hackiftekhar/IQKeyboardManager.git";
			requirement = {
				kind = upToNextMajorVersion;
				minimumVersion = 6.5.0;
			};
		};
		974107A428D0459300617F8F /* XCRemoteSwiftPackageReference "TOCropViewController" */ = {
			isa = XCRemoteSwiftPackageReference;
			repositoryURL = "https://github.com/TimOliver/TOCropViewController.git";
			requirement = {
				kind = upToNextMajorVersion;
				minimumVersion = 2.0.0;
			};
		};
		9781F0A528D186EF008E6DBB /* XCRemoteSwiftPackageReference "FSCalendar" */ = {
			isa = XCRemoteSwiftPackageReference;
			repositoryURL = "https://github.com/WenchaoD/FSCalendar.git";
			requirement = {
				kind = upToNextMajorVersion;
				minimumVersion = 2.0.0;
			};
		};
		97CF588028C8C9390062FEB9 /* XCRemoteSwiftPackageReference "SnapKit" */ = {
			isa = XCRemoteSwiftPackageReference;
			repositoryURL = "https://github.com/SnapKit/SnapKit.git";
			requirement = {
				kind = upToNextMajorVersion;
				minimumVersion = 5.0.0;
			};
		};
		97CF588328C8C9820062FEB9 /* XCRemoteSwiftPackageReference "realm-swift" */ = {
			isa = XCRemoteSwiftPackageReference;
			repositoryURL = "https://github.com/realm/realm-swift.git";
			requirement = {
				kind = upToNextMajorVersion;
				minimumVersion = 10.0.0;
			};
		};
/* End XCRemoteSwiftPackageReference section */

/* Begin XCSwiftPackageProductDependency section */
		9716A8F728D0E4D600AC62FA /* IQKeyboardManagerSwift */ = {
			isa = XCSwiftPackageProductDependency;
			package = 9716A8F628D0E4D600AC62FA /* XCRemoteSwiftPackageReference "IQKeyboardManager" */;
			productName = IQKeyboardManagerSwift;
		};
		974107A528D0459300617F8F /* CropViewController */ = {
			isa = XCSwiftPackageProductDependency;
			package = 974107A428D0459300617F8F /* XCRemoteSwiftPackageReference "TOCropViewController" */;
			productName = CropViewController;
		};
		9781F0A628D186EF008E6DBB /* FSCalendar */ = {
			isa = XCSwiftPackageProductDependency;
			package = 9781F0A528D186EF008E6DBB /* XCRemoteSwiftPackageReference "FSCalendar" */;
			productName = FSCalendar;
		};
		97CF588128C8C9390062FEB9 /* SnapKit */ = {
			isa = XCSwiftPackageProductDependency;
			package = 97CF588028C8C9390062FEB9 /* XCRemoteSwiftPackageReference "SnapKit" */;
			productName = SnapKit;
		};
		97CF588428C8C9820062FEB9 /* Realm */ = {
			isa = XCSwiftPackageProductDependency;
			package = 97CF588328C8C9820062FEB9 /* XCRemoteSwiftPackageReference "realm-swift" */;
			productName = Realm;
		};
		97CF588628C8C9820062FEB9 /* RealmSwift */ = {
			isa = XCSwiftPackageProductDependency;
			package = 97CF588328C8C9820062FEB9 /* XCRemoteSwiftPackageReference "realm-swift" */;
			productName = RealmSwift;
		};
/* End XCSwiftPackageProductDependency section */
	};
	rootObject = 9799F83928C7741C00E1C12C /* Project object */;
}
